
Microsoft Visual Studio Solution File, Format Version 12.00
# Visual Studio Version 17
VisualStudioVersion = 17.13.35806.99 d17.13
MinimumVisualStudioVersion = 10.0.40219.1
Project("{FAE04EC0-301F-11D3-BF4B-00C04F79EFBC}") = "App.Repositories", "Repositories\App.Repositories.csproj", "{51C89B2D-713B-4E35-B733-15268CAA4028}"
EndProject
Project("{FAE04EC0-301F-11D3-BF4B-00C04F79EFBC}") = "App.Services", "Services\App.Services.csproj", "{3F72DFBE-7E35-4DB1-B391-210A823CC0FB}"
EndProject
Project("{FAE04EC0-301F-11D3-BF4B-00C04F79EFBC}") = "App.API", "App.API\App.API.csproj", "{9E6CE617-CE02-468B-B35C-248445D58C57}"
EndProject
Global
	GlobalSection(SolutionConfigurationPlatforms) = preSolution
		Debug|Any CPU = Debug|Any CPU
		Release|Any CPU = Release|Any CPU
	EndGlobalSection
	GlobalSection(ProjectConfigurationPlatforms) = postSolution
		{51C89B2D-713B-4E35-B733-15268CAA4028}.Debug|Any CPU.ActiveCfg = Debug|Any CPU
		{51C89B2D-713B-4E35-B733-15268CAA4028}.Debug|Any CPU.Build.0 = Debug|Any CPU
		{51C89B2D-713B-4E35-B733-15268CAA4028}.Release|Any CPU.ActiveCfg = Release|Any CPU
		{51C89B2D-713B-4E35-B733-15268CAA4028}.Release|Any CPU.Build.0 = Release|Any CPU
		{3F72DFBE-7E35-4DB1-B391-210A823CC0FB}.Debug|Any CPU.ActiveCfg = Debug|Any CPU
		{3F72DFBE-7E35-4DB1-B391-210A823CC0FB}.Debug|Any CPU.Build.0 = Debug|Any CPU
		{3F72DFBE-7E35-4DB1-B391-210A823CC0FB}.Release|Any CPU.ActiveCfg = Release|Any CPU
		{3F72DFBE-7E35-4DB1-B391-210A823CC0FB}.Release|Any CPU.Build.0 = Release|Any CPU
		{9E6CE617-CE02-468B-B35C-248445D58C57}.Debug|Any CPU.ActiveCfg = Debug|Any CPU
		{9E6CE617-CE02-468B-B35C-248445D58C57}.Debug|Any CPU.Build.0 = Debug|Any CPU
		{9E6CE617-CE02-468B-B35C-248445D58C57}.Release|Any CPU.ActiveCfg = Release|Any CPU
		{9E6CE617-CE02-468B-B35C-248445D58C57}.Release|Any CPU.Build.0 = Release|Any CPU
	EndGlobalSection
	GlobalSection(SolutionProperties) = preSolution
		HideSolutionNode = FALSE
	EndGlobalSection
	GlobalSection(ExtensibilityGlobals) = postSolution
		SolutionGuid = {867C5CE8-B6A4-468D-82F2-B562941ACF92}
	EndGlobalSection
EndGlobal
